
Microsoft Visual Studio Solution File, Format Version 12.00
# Visual Studio Version 16
VisualStudioVersion = 16.0.30517.126
MinimumVisualStudioVersion = 10.0.40219.1
Project("{9A19103F-16F7-4668-BE54-9A1E7A4F7556}") = "SimplCommerce.Module.PaymentCreditCard", "SimplCommerce.Module.PaymentCreditCard.csproj", "{C87E51DA-25C9-46E2-9A1A-66D3E687EF91}"
EndProject
Global
	GlobalSection(SolutionConfigurationPlatforms) = preSolution
		Debug|Any CPU = Debug|Any CPU
		Release|Any CPU = Release|Any CPU
	EndGlobalSection
	GlobalSection(ProjectConfigurationPlatforms) = postSolution
		{C87E51DA-25C9-46E2-9A1A-66D3E687EF91}.Debug|Any CPU.ActiveCfg = Debug|Any CPU
		{C87E51DA-25C9-46E2-9A1A-66D3E687EF91}.Debug|Any CPU.Build.0 = Debug|Any CPU
		{C87E51DA-25C9-46E2-9A1A-66D3E687EF91}.Release|Any CPU.ActiveCfg = Release|Any CPU
		{C87E51DA-25C9-46E2-9A1A-66D3E687EF91}.Release|Any CPU.Build.0 = Release|Any CPU
	EndGlobalSection
	GlobalSection(SolutionProperties) = preSolution
		HideSolutionNode = FALSE
	EndGlobalSection
	GlobalSection(ExtensibilityGlobals) = postSolution
		SolutionGuid = {1683AA13-76E1-4E58-A256-5B8A3DD7A703}
	EndGlobalSection
EndGlobal
